// !$*UTF8*$!
{
	archiveVersion = 1;
	classes = {
	};
	objectVersion = 50;
	objects = {

/* Begin PBXBuildFile section */
		22DFCCA921FB5FFD003B6D2C /* ViewControllerlist.swift in Sources */ = {isa = PBXBuildFile; fileRef = 22DFCCA821FB5FFD003B6D2C /* ViewControllerlist.swift */; };
		22DFCCAB21FB602E003B6D2C /* ViewControllerCheckout.swift in Sources */ = {isa = PBXBuildFile; fileRef = 22DFCCAA21FB602E003B6D2C /* ViewControllerCheckout.swift */; };
		93588C6321FAD8170021EADF /* AppDelegate.swift in Sources */ = {isa = PBXBuildFile; fileRef = 93588C6221FAD8170021EADF /* AppDelegate.swift */; };
		93588C6521FAD8170021EADF /* ViewController.swift in Sources */ = {isa = PBXBuildFile; fileRef = 93588C6421FAD8170021EADF /* ViewController.swift */; };
		93588C6821FAD8170021EADF /* Main.storyboard in Resources */ = {isa = PBXBuildFile; fileRef = 93588C6621FAD8170021EADF /* Main.storyboard */; };
		93588C6A21FAD8190021EADF /* Assets.xcassets in Resources */ = {isa = PBXBuildFile; fileRef = 93588C6921FAD8190021EADF /* Assets.xcassets */; };
		93588C6D21FAD8190021EADF /* LaunchScreen.storyboard in Resources */ = {isa = PBXBuildFile; fileRef = 93588C6B21FAD8190021EADF /* LaunchScreen.storyboard */; };
/* End PBXBuildFile section */

/* Begin PBXFileReference section */
		22DFCCA821FB5FFD003B6D2C /* ViewControllerlist.swift */ = {isa = PBXFileReference; lastKnownFileType = sourcecode.swift; path = ViewControllerlist.swift; sourceTree = "<group>"; };
		22DFCCAA21FB602E003B6D2C /* ViewControllerCheckout.swift */ = {isa = PBXFileReference; lastKnownFileType = sourcecode.swift; path = ViewControllerCheckout.swift; sourceTree = "<group>"; };
		93588C5F21FAD8170021EADF /* drink_POS.app */ = {isa = PBXFileReference; explicitFileType = wrapper.application; includeInIndex = 0; path = drink_POS.app; sourceTree = BUILT_PRODUCTS_DIR; };
		93588C6221FAD8170021EADF /* AppDelegate.swift */ = {isa = PBXFileReference; lastKnownFileType = sourcecode.swift; path = AppDelegate.swift; sourceTree = "<group>"; };
		93588C6421FAD8170021EADF /* ViewController.swift */ = {isa = PBXFileReference; lastKnownFileType = sourcecode.swift; path = ViewController.swift; sourceTree = "<group>"; };
		93588C6721FAD8170021EADF /* Base */ = {isa = PBXFileReference; lastKnownFileType = file.storyboard; name = Base; path = Base.lproj/Main.storyboard; sourceTree = "<group>"; };
		93588C6921FAD8190021EADF /* Assets.xcassets */ = {isa = PBXFileReference; lastKnownFileType = folder.assetcatalog; path = Assets.xcassets; sourceTree = "<group>"; };
		93588C6C21FAD8190021EADF /* Base */ = {isa = PBXFileReference; lastKnownFileType = file.storyboard; name = Base; path = Base.lproj/LaunchScreen.storyboard; sourceTree = "<group>"; };
		93588C6E21FAD8190021EADF /* Info.plist */ = {isa = PBXFileReference; lastKnownFileType = text.plist.xml; path = Info.plist; sourceTree = "<group>"; };
/* End PBXFileReference section */

/* Begin PBXFrameworksBuildPhase section */
		93588C5C21FAD8170021EADF /* Frameworks */ = {
			isa = PBXFrameworksBuildPhase;
			buildActionMask = 2147483647;
			files = (
			);
			runOnlyForDeploymentPostprocessing = 0;
		};
/* End PBXFrameworksBuildPhase section */

/* Begin PBXGroup section */
		93588C5621FAD8170021EADF = {
			isa = PBXGroup;
			children = (
				93588C6121FAD8170021EADF /* drink_POS */,
				93588C6021FAD8170021EADF /* Products */,
			);
			sourceTree = "<group>";
		};
		93588C6021FAD8170021EADF /* Products */ = {
			isa = PBXGroup;
			children = (
				93588C5F21FAD8170021EADF /* drink_POS.app */,
			);
			name = Products;
			sourceTree = "<group>";
		};
		93588C6121FAD8170021EADF /* drink_POS */ = {
			isa = PBXGroup;
			children = (
				93588C6221FAD8170021EADF /* AppDelegate.swift */,
				93588C6421FAD8170021EADF /* ViewController.swift */,
				93588C6621FAD8170021EADF /* Main.storyboard */,
				93588C6921FAD8190021EADF /* Assets.xcassets */,
				93588C6B21FAD8190021EADF /* LaunchScreen.storyboard */,
				93588C6E21FAD8190021EADF /* Info.plist */,
				22DFCCA821FB5FFD003B6D2C /* ViewControllerlist.swift */,
				22DFCCAA21FB602E003B6D2C /* ViewControllerCheckout.swift */,
			);
			path = drink_POS;
			sourceTree = "<group>";
		};
/* End PBXGroup section */

/* Begin PBXNativeTarget section */
		93588C5E21FAD8170021EADF /* drink_POS */ = {
			isa = PBXNativeTarget;
			buildConfigurationList = 93588C7121FAD8190021EADF /* Build configuration list for PBXNativeTarget "drink_POS" */;
			buildPhases = (
				93588C5B21FAD8170021EADF /* Sources */,
				93588C5C21FAD8170021EADF /* Frameworks */,
				93588C5D21FAD8170021EADF /* Resources */,
			);
			buildRules = (
			);
			dependencies = (
			);
			name = drink_POS;
			productName = drink_POS;
			productReference = 93588C5F21FAD8170021EADF /* drink_POS.app */;
			productType = "com.apple.product-type.application";
		};
/* End PBXNativeTarget section */

/* Begin PBXProject section */
		93588C5721FAD8170021EADF /* Project object */ = {
			isa = PBXProject;
			attributes = {
				LastSwiftUpdateCheck = 1010;
				LastUpgradeCheck = 1010;
				ORGANIZATIONNAME = S10415;
				TargetAttributes = {
					93588C5E21FAD8170021EADF = {
						CreatedOnToolsVersion = 10.1;
					};
				};
			};
			buildConfigurationList = 93588C5A21FAD8170021EADF /* Build configuration list for PBXProject "drink_POS" */;
			compatibilityVersion = "Xcode 9.3";
			developmentRegion = en;
			hasScannedForEncodings = 0;
			knownRegions = (
				en,
				Base,
			);
			mainGroup = 93588C5621FAD8170021EADF;
			productRefGroup = 93588C6021FAD8170021EADF /* Products */;
			projectDirPath = "";
			projectRoot = "";
			targets = (
				93588C5E21FAD8170021EADF /* drink_POS */,
			);
		};
/* End PBXProject section */

/* Begin PBXResourcesBuildPhase section */
		93588C5D21FAD8170021EADF /* Resources */ = {
			isa = PBXResourcesBuildPhase;
			buildActionMask = 2147483647;
			files = (
				93588C6D21FAD8190021EADF /* LaunchScreen.storyboard in Resources */,
				93588C6A21FAD8190021EADF /* Assets.xcassets in Resources */,
				93588C6821FAD8170021EADF /* Main.storyboard in Resources */,
			);
			runOnlyForDeploymentPostprocessing = 0;
		};
/* End PBXResourcesBuildPhase section */

/* Begin PBXSourcesBuildPhase section */
		93588C5B21FAD8170021EADF /* Sources */ = {
			isa = PBXSourcesBuildPhase;
			buildActionMask = 2147483647;
			files = (
				22DFCCAB21FB602E003B6D2C /* ViewControllerCheckout.swift in Sources */,
				93588C6521FAD8170021EADF /* ViewController.swift in Sources */,
				93588C6321FAD8170021EADF /* AppDelegate.swift in Sources */,
				22DFCCA921FB5FFD003B6D2C /* ViewControllerlist.swift in Sources */,
			);
			runOnlyForDeploymentPostprocessing = 0;
		};
/* End PBXSourcesBuildPhase section */

/* Begin PBXVariantGroup section */
		93588C6621FAD8170021EADF /* Main.storyboard */ = {
			isa = PBXVariantGroup;
			children = (
				93588C6721FAD8170021EADF /* Base */,
			);
			name = Main.storyboard;
			sourceTree = "<group>";
		};
		93588C6B21FAD8190021EADF /* LaunchScreen.storyboard */ = {
			isa = PBXVariantGroup;
			children = (
				93588C6C21FAD8190021EADF /* Base */,
			);
			name = LaunchScreen.storyboard;
			sourceTree = "<group>";
		};
/* End PBXVariantGroup section */

/* Begin XCBuildConfiguration section */
		93588C6F21FAD8190021EADF /* Debug */ = {
			isa = XCBuildConfiguration;
			buildSettings = {
				ALWAYS_SEARCH_USER_PATHS = NO;
				CLANG_ANALYZER_NONNULL = YES;
				CLANG_ANALYZER_NUMBER_OBJECT_CONVERSION = YES_AGGRESSIVE;
				CLANG_CXX_LANGUAGE_STANDARD = "gnu++14";
				CLANG_CXX_LIBRARY = "libc++";
				CLANG_ENABLE_MODULES = YES;
				CLANG_ENABLE_OBJC_ARC = YES;
				CLANG_ENABLE_OBJC_WEAK = YES;
				CLANG_WARN_BLOCK_CAPTURE_AUTORELEASING = YES;
				CLANG_WARN_BOOL_CONVERSION = YES;
				CLANG_WARN_COMMA = YES;
				CLANG_WARN_CONSTANT_CONVERSION = YES;
				CLANG_WARN_DEPRECATED_OBJC_IMPLEMENTATIONS = YES;
				CLANG_WARN_DIRECT_OBJC_ISA_USAGE = YES_ERROR;
				CLANG_WARN_DOCUMENTATION_COMMENTS = YES;
				CLANG_WARN_EMPTY_BODY = YES;
				CLANG_WARN_ENUM_CONVERSION = YES;
				CLANG_WARN_INFINITE_RECURSION = YES;
				CLANG_WARN_INT_CONVERSION = YES;
				CLANG_WARN_NON_LITERAL_NULL_CONVERSION = YES;
				CLANG_WARN_OBJC_IMPLICIT_RETAIN_SELF = YES;
				CLANG_WARN_OBJC_LITERAL_CONVERSION = YES;
				CLANG_WARN_OBJC_ROOT_CLASS = YES_ERROR;
				CLANG_WARN_RANGE_LOOP_ANALYSIS = YES;
				CLANG_WARN_STRICT_PROTOTYPES = YES;
				CLANG_WARN_SUSPICIOUS_MOVE = YES;
				CLANG_WARN_UNGUARDED_AVAILABILITY = YES_AGGRESSIVE;
				CLANG_WARN_UNREACHABLE_CODE = YES;
				CLANG_WARN__DUPLICATE_METHOD_MATCH = YES;
				CODE_SIGN_IDENTITY = "iPhone Developer";
				COPY_PHASE_STRIP = NO;
				DEBUG_INFORMATION_FORMAT = dwarf;
				ENABLE_STRICT_OBJC_MSGSEND = YES;
				ENABLE_TESTABILITY = YES;
				GCC_C_LANGUAGE_STANDARD = gnu11;
				GCC_DYNAMIC_NO_PIC = NO;
				GCC_NO_COMMON_BLOCKS = YES;
				GCC_OPTIMIZATION_LEVEL = 0;
				GCC_PREPROCESSOR_DEFINITIONS = (
					"DEBUG=1",
					"$(inherited)",
				);
				GCC_WARN_64_TO_32_BIT_CONVERSION = YES;
				GCC_WARN_ABOUT_RETURN_TYPE = YES_ERROR;
				GCC_WARN_UNDECLARED_SELECTOR = YES;
				GCC_WARN_UNINITIALIZED_AUTOS = YES_AGGRESSIVE;
				GCC_WARN_UNUSED_FUNCTION = YES;
				GCC_WARN_UNUSED_VARIABLE = YES;
				IPHONEOS_DEPLOYMENT_TARGET = 12.1;
				MTL_ENABLE_DEBUG_INFO = INCLUDE_SOURCE;
				MTL_FAST_MATH = YES;
				ONLY_ACTIVE_ARCH = YES;
				SDKROOT = iphoneos;
				SWIFT_ACTIVE_COMPILATION_CONDITIONS = DEBUG;
				SWIFT_OPTIMIZATION_LEVEL = "-Onone";
			};
			name = Debug;
		};
		93588C7021FAD8190021EADF /* Release */ = {
			isa = XCBuildConfiguration;
			buildSettings = {
				ALWAYS_SEARCH_USER_PATHS = NO;
				CLANG_ANALYZER_NONNULL = YES;
				CLANG_ANALYZER_NUMBER_OBJECT_CONVERSION = YES_AGGRESSIVE;
				CLANG_CXX_LANGUAGE_STANDARD = "gnu++14";
				CLANG_CXX_LIBRARY = "libc++";
				CLANG_ENABLE_MODULES = YES;
				CLANG_ENABLE_OBJC_ARC = YES;
				CLANG_ENABLE_OBJC_WEAK = YES;
				CLANG_WARN_BLOCK_CAPTURE_AUTORELEASING = YES;
				CLANG_WARN_BOOL_CONVERSION = YES;
				CLANG_WARN_COMMA = YES;
				CLANG_WARN_CONSTANT_CONVERSION = YES;
				CLANG_WARN_DEPRECATED_OBJC_IMPLEMENTATIONS = YES;
				CLANG_WARN_DIRECT_OBJC_ISA_USAGE = YES_ERROR;
				CLANG_WARN_DOCUMENTATION_COMMENTS = YES;
				CLANG_WARN_EMPTY_BODY = YES;
				CLANG_WARN_ENUM_CONVERSION = YES;
				CLANG_WARN_INFINITE_RECURSION = YES;
				CLANG_WARN_INT_CONVERSION = YES;
				CLANG_WARN_NON_LITERAL_NULL_CONVERSION = YES;
				CLANG_WARN_OBJC_IMPLICIT_RETAIN_SELF = YES;
				CLANG_WARN_OBJC_LITERAL_CONVERSION = YES;
				CLANG_WARN_OBJC_ROOT_CLASS = YES_ERROR;
				CLANG_WARN_RANGE_LOOP_ANALYSIS = YES;
				CLANG_WARN_STRICT_PROTOTYPES = YES;
				CLANG_WARN_SUSPICIOUS_MOVE = YES;
				CLANG_WARN_UNGUARDED_AVAILABILITY = YES_AGGRESSIVE;
				CLANG_WARN_UNREACHABLE_CODE = YES;
				CLANG_WARN__DUPLICATE_METHOD_MATCH = YES;
				CODE_SIGN_IDENTITY = "iPhone Developer";
				COPY_PHASE_STRIP = NO;
				DEBUG_INFORMATION_FORMAT = "dwarf-with-dsym";
				ENABLE_NS_ASSERTIONS = NO;
				ENABLE_STRICT_OBJC_MSGSEND = YES;
				GCC_C_LANGUAGE_STANDARD = gnu11;
				GCC_NO_COMMON_BLOCKS = YES;
				GCC_WARN_64_TO_32_BIT_CONVERSION = YES;
				GCC_WARN_ABOUT_RETURN_TYPE = YES_ERROR;
				GCC_WARN_UNDECLARED_SELECTOR = YES;
				GCC_WARN_UNINITIALIZED_AUTOS = YES_AGGRESSIVE;
				GCC_WARN_UNUSED_FUNCTION = YES;
				GCC_WARN_UNUSED_VARIABLE = YES;
				IPHONEOS_DEPLOYMENT_TARGET = 12.1;
				MTL_ENABLE_DEBUG_INFO = NO;
				MTL_FAST_MATH = YES;
				SDKROOT = iphoneos;
				SWIFT_COMPILATION_MODE = wholemodule;
				SWIFT_OPTIMIZATION_LEVEL = "-O";
				VALIDATE_PRODUCT = YES;
			};
			name = Release;
		};
		93588C7221FAD8190021EADF /* Debug */ = {
			isa = XCBuildConfiguration;
			buildSettings = {
				ASSETCATALOG_COMPILER_APPICON_NAME = AppIcon;
				CODE_SIGN_STYLE = Automatic;
				INFOPLIST_FILE = drink_POS/Info.plist;
				LD_RUNPATH_SEARCH_PATHS = (
					"$(inherited)",
					"@executable_path/Frameworks",
				);
				PRODUCT_BUNDLE_IDENTIFIER = "tw.org.iiiedu.drink-POS";
				PRODUCT_NAME = "$(TARGET_NAME)";
				SWIFT_VERSION = 4.2;
				TARGETED_DEVICE_FAMILY = "1,2";
			};
			name = Debug;
		};
		93588C7321FAD8190021EADF /* Release */ = {
			isa = XCBuildConfiguration;
			buildSettings = {
				ASSETCATALOG_COMPILER_APPICON_NAME = AppIcon;
				CODE_SIGN_STYLE = Automatic;
				INFOPLIST_FILE = drink_POS/Info.plist;
				LD_RUNPATH_SEARCH_PATHS = (
					"$(inherited)",
					"@executable_path/Frameworks",
				);
				PRODUCT_BUNDLE_IDENTIFIER = "tw.org.iiiedu.drink-POS";
				PRODUCT_NAME = "$(TARGET_NAME)";
				SWIFT_VERSION = 4.2;
				TARGETED_DEVICE_FAMILY = "1,2";
			};
			name = Release;
		};
/* End XCBuildConfiguration section */

/* Begin XCConfigurationList section */
		93588C5A21FAD8170021EADF /* Build configuration list for PBXProject "drink_POS" */ = {
			isa = XCConfigurationList;
			buildConfigurations = (
				93588C6F21FAD8190021EADF /* Debug */,
				93588C7021FAD8190021EADF /* Release */,
			);
			defaultConfigurationIsVisible = 0;
			defaultConfigurationName = Release;
		};
		93588C7121FAD8190021EADF /* Build configuration list for PBXNativeTarget "drink_POS" */ = {
			isa = XCConfigurationList;
			buildConfigurations = (
				93588C7221FAD8190021EADF /* Debug */,
				93588C7321FAD8190021EADF /* Release */,
			);
			defaultConfigurationIsVisible = 0;
			defaultConfigurationName = Release;
		};
/* End XCConfigurationList section */
	};
	rootObject = 93588C5721FAD8170021EADF /* Project object */;
}
